
Microsoft Visual Studio Solution File, Format Version 12.00
# Visual Studio 15
VisualStudioVersion = 15.0.27130.2036
MinimumVisualStudioVersion = 10.0.40219.1
Project("{FAE04EC0-301F-11D3-BF4B-00C04F79EFBC}") = "SplitQuestelHits", "SplitQuestelHits\SplitQuestelHits.csproj", "{62E1CFFD-2F5B-4009-8A6F-E0E3E9908928}"
EndProject
Global
	GlobalSection(SolutionConfigurationPlatforms) = preSolution
		Debug|Any CPU = Debug|Any CPU
		Release|Any CPU = Release|Any CPU
	EndGlobalSection
	GlobalSection(ProjectConfigurationPlatforms) = postSolution
		{62E1CFFD-2F5B-4009-8A6F-E0E3E9908928}.Debug|Any CPU.ActiveCfg = Debug|Any CPU
		{62E1CFFD-2F5B-4009-8A6F-E0E3E9908928}.Debug|Any CPU.Build.0 = Debug|Any CPU
		{62E1CFFD-2F5B-4009-8A6F-E0E3E9908928}.Release|Any CPU.ActiveCfg = Release|Any CPU
		{62E1CFFD-2F5B-4009-8A6F-E0E3E9908928}.Release|Any CPU.Build.0 = Release|Any CPU
	EndGlobalSection
	GlobalSection(SolutionProperties) = preSolution
		HideSolutionNode = FALSE
	EndGlobalSection
	GlobalSection(ExtensibilityGlobals) = postSolution
		SolutionGuid = {AF6D2F31-141E-4850-A780-A8624A47639E}
	EndGlobalSection
EndGlobal
